
Microsoft Visual Studio Solution File, Format Version 12.00
# Visual Studio Version 17
VisualStudioVersion = 17.5.002.0
MinimumVisualStudioVersion = 10.0.40219.1
Project("{9A19103F-16F7-4668-BE54-9A1E7A4F7556}") = "BloggingPlatformApi", "BloggingPlatformApi\BloggingPlatformApi.csproj", "{52888DA0-80B2-4785-BDD9-8DA5D9C3A54E}"
EndProject
Global
	GlobalSection(SolutionConfigurationPlatforms) = preSolution
		Debug|Any CPU = Debug|Any CPU
		Release|Any CPU = Release|Any CPU
	EndGlobalSection
	GlobalSection(ProjectConfigurationPlatforms) = postSolution
		{52888DA0-80B2-4785-BDD9-8DA5D9C3A54E}.Debug|Any CPU.ActiveCfg = Debug|Any CPU
		{52888DA0-80B2-4785-BDD9-8DA5D9C3A54E}.Debug|Any CPU.Build.0 = Debug|Any CPU
		{52888DA0-80B2-4785-BDD9-8DA5D9C3A54E}.Release|Any CPU.ActiveCfg = Release|Any CPU
		{52888DA0-80B2-4785-BDD9-8DA5D9C3A54E}.Release|Any CPU.Build.0 = Release|Any CPU
	EndGlobalSection
	GlobalSection(SolutionProperties) = preSolution
		HideSolutionNode = FALSE
	EndGlobalSection
	GlobalSection(ExtensibilityGlobals) = postSolution
		SolutionGuid = {3EFC6880-369D-449F-A93D-89E9F940067C}
	EndGlobalSection
EndGlobal
